{
  "originHash" : "ee39b53806097aa713643ecb9ebd96b1ee88093d881e59d1492494820d08f968",
  "pins" : [
    {
      "identity" : "logmanager",
      "kind" : "remoteSourceControl",
      "location" : "https://github.com/Appracatappra/LogManager",
      "state" : {
        "revision" : "0dc18ac85ccdbb979152a1e4f64bfc6f377513b1",
        "version" : "2.1.0"
      }
    },
    {
      "identity" : "swiftletutilities",
      "kind" : "remoteSourceControl",
      "location" : "https://github.com/Appracatappra/SwiftletUtilities.git",
      "state" : {
        "revision" : "9ef9333b19433eb9a6d344a1ed0c1c00fb232e5a",
        "version" : "2.1.3"
      }
    }
  ],
  "version" : 3
}
