{
  "pins" : [
    {
      "identity" : "logmanager",
      "kind" : "remoteSourceControl",
      "location" : "https://github.com/Appracatappra/LogManager",
      "state" : {
        "revision" : "aa1c1a9d15ea104a590df766af3f81da5afabab7",
        "version" : "1.0.2"
      }
    },
    {
      "identity" : "swiftletutilities",
      "kind" : "remoteSourceControl",
      "location" : "https://github.com/Appracatappra/SwiftletUtilities.git",
      "state" : {
        "revision" : "7cc84ffb53bc9886b51c0bf2de3d308dd64a71cd",
        "version" : "1.1.7"
      }
    }
  ],
  "version" : 2
}
